
Microsoft Visual Studio Solution File, Format Version 12.00
# Visual Studio Version 17
VisualStudioVersion = 17.9.34728.123
MinimumVisualStudioVersion = 10.0.40219.1
Project("{FAE04EC0-301F-11D3-BF4B-00C04F79EFBC}") = "backend", "backend\backend.csproj", "{ED6D3072-C348-4B06-AD7C-D9FD0B1DAEF0}"
EndProject
Global
	GlobalSection(SolutionConfigurationPlatforms) = preSolution
		Debug|Any CPU = Debug|Any CPU
		Release|Any CPU = Release|Any CPU
	EndGlobalSection
	GlobalSection(ProjectConfigurationPlatforms) = postSolution
		{ED6D3072-C348-4B06-AD7C-D9FD0B1DAEF0}.Debug|Any CPU.ActiveCfg = Debug|Any CPU
		{ED6D3072-C348-4B06-AD7C-D9FD0B1DAEF0}.Debug|Any CPU.Build.0 = Debug|Any CPU
		{ED6D3072-C348-4B06-AD7C-D9FD0B1DAEF0}.Release|Any CPU.ActiveCfg = Release|Any CPU
		{ED6D3072-C348-4B06-AD7C-D9FD0B1DAEF0}.Release|Any CPU.Build.0 = Release|Any CPU
	EndGlobalSection
	GlobalSection(SolutionProperties) = preSolution
		HideSolutionNode = FALSE
	EndGlobalSection
	GlobalSection(ExtensibilityGlobals) = postSolution
		SolutionGuid = {46C80BC3-F362-4026-AE0B-35081246E683}
	EndGlobalSection
EndGlobal
